
Microsoft Visual Studio Solution File, Format Version 12.00
# Visual Studio Version 17
VisualStudioVersion = 17.10.35013.160
MinimumVisualStudioVersion = 10.0.40219.1
Project("{FAE04EC0-301F-11D3-BF4B-00C04F79EFBC}") = "оператор switch", "switch\оператор switch.csproj", "{A0A1A37A-0CC1-4AD6-A44D-877838BCF94E}"
EndProject
Project("{FAE04EC0-301F-11D3-BF4B-00C04F79EFBC}") = "Калькулятор", "Сложение двух чисел\Калькулятор.csproj", "{EF709BA9-027B-439B-B5C8-80AC0C762425}"
EndProject
Project("{FAE04EC0-301F-11D3-BF4B-00C04F79EFBC}") = "Тернарный оператор", "Тернарный оператор\Тернарный оператор.csproj", "{6E7DB445-1CEF-4EB5-A833-5E575A2691CA}"
EndProject
Project("{FAE04EC0-301F-11D3-BF4B-00C04F79EFBC}") = "For, array, metod", "For, array, metod\For, array, metod.csproj", "{42B69208-D4EE-4BB7-ABA6-D3A683E24B6B}"
EndProject
Project("{FAE04EC0-301F-11D3-BF4B-00C04F79EFBC}") = "String", "String\String.csproj", "{83C5B074-BEDA-40A7-A21B-EB5D48F05C0B}"
EndProject
Project("{FAE04EC0-301F-11D3-BF4B-00C04F79EFBC}") = "морской бой", "морской бой\морской бой.csproj", "{96EBFFCF-FD54-4F4D-B107-9E6A04FD8C1E}"
EndProject
Project("{FAE04EC0-301F-11D3-BF4B-00C04F79EFBC}") = "Учет денежных средств", "Учет денежных средств\Учет денежных средств.csproj", "{DF6AB6C0-B6E2-482A-80AC-2ECD4A9EC044}"
EndProject
Global
	GlobalSection(SolutionConfigurationPlatforms) = preSolution
		Debug|Any CPU = Debug|Any CPU
		Release|Any CPU = Release|Any CPU
	EndGlobalSection
	GlobalSection(ProjectConfigurationPlatforms) = postSolution
		{A0A1A37A-0CC1-4AD6-A44D-877838BCF94E}.Debug|Any CPU.ActiveCfg = Debug|Any CPU
		{A0A1A37A-0CC1-4AD6-A44D-877838BCF94E}.Debug|Any CPU.Build.0 = Debug|Any CPU
		{A0A1A37A-0CC1-4AD6-A44D-877838BCF94E}.Release|Any CPU.ActiveCfg = Release|Any CPU
		{A0A1A37A-0CC1-4AD6-A44D-877838BCF94E}.Release|Any CPU.Build.0 = Release|Any CPU
		{EF709BA9-027B-439B-B5C8-80AC0C762425}.Debug|Any CPU.ActiveCfg = Debug|Any CPU
		{EF709BA9-027B-439B-B5C8-80AC0C762425}.Debug|Any CPU.Build.0 = Debug|Any CPU
		{EF709BA9-027B-439B-B5C8-80AC0C762425}.Release|Any CPU.ActiveCfg = Release|Any CPU
		{EF709BA9-027B-439B-B5C8-80AC0C762425}.Release|Any CPU.Build.0 = Release|Any CPU
		{6E7DB445-1CEF-4EB5-A833-5E575A2691CA}.Debug|Any CPU.ActiveCfg = Debug|Any CPU
		{6E7DB445-1CEF-4EB5-A833-5E575A2691CA}.Debug|Any CPU.Build.0 = Debug|Any CPU
		{6E7DB445-1CEF-4EB5-A833-5E575A2691CA}.Release|Any CPU.ActiveCfg = Release|Any CPU
		{6E7DB445-1CEF-4EB5-A833-5E575A2691CA}.Release|Any CPU.Build.0 = Release|Any CPU
		{42B69208-D4EE-4BB7-ABA6-D3A683E24B6B}.Debug|Any CPU.ActiveCfg = Debug|Any CPU
		{42B69208-D4EE-4BB7-ABA6-D3A683E24B6B}.Debug|Any CPU.Build.0 = Debug|Any CPU
		{42B69208-D4EE-4BB7-ABA6-D3A683E24B6B}.Release|Any CPU.ActiveCfg = Release|Any CPU
		{42B69208-D4EE-4BB7-ABA6-D3A683E24B6B}.Release|Any CPU.Build.0 = Release|Any CPU
		{83C5B074-BEDA-40A7-A21B-EB5D48F05C0B}.Debug|Any CPU.ActiveCfg = Debug|Any CPU
		{83C5B074-BEDA-40A7-A21B-EB5D48F05C0B}.Debug|Any CPU.Build.0 = Debug|Any CPU
		{83C5B074-BEDA-40A7-A21B-EB5D48F05C0B}.Release|Any CPU.ActiveCfg = Release|Any CPU
		{83C5B074-BEDA-40A7-A21B-EB5D48F05C0B}.Release|Any CPU.Build.0 = Release|Any CPU
		{96EBFFCF-FD54-4F4D-B107-9E6A04FD8C1E}.Debug|Any CPU.ActiveCfg = Debug|Any CPU
		{96EBFFCF-FD54-4F4D-B107-9E6A04FD8C1E}.Debug|Any CPU.Build.0 = Debug|Any CPU
		{96EBFFCF-FD54-4F4D-B107-9E6A04FD8C1E}.Release|Any CPU.ActiveCfg = Release|Any CPU
		{96EBFFCF-FD54-4F4D-B107-9E6A04FD8C1E}.Release|Any CPU.Build.0 = Release|Any CPU
		{DF6AB6C0-B6E2-482A-80AC-2ECD4A9EC044}.Debug|Any CPU.ActiveCfg = Debug|Any CPU
		{DF6AB6C0-B6E2-482A-80AC-2ECD4A9EC044}.Debug|Any CPU.Build.0 = Debug|Any CPU
		{DF6AB6C0-B6E2-482A-80AC-2ECD4A9EC044}.Release|Any CPU.ActiveCfg = Release|Any CPU
		{DF6AB6C0-B6E2-482A-80AC-2ECD4A9EC044}.Release|Any CPU.Build.0 = Release|Any CPU
	EndGlobalSection
	GlobalSection(SolutionProperties) = preSolution
		HideSolutionNode = FALSE
	EndGlobalSection
	GlobalSection(ExtensibilityGlobals) = postSolution
		SolutionGuid = {FF85E123-F9F5-47F0-8292-41A423B1642E}
	EndGlobalSection
EndGlobal
